
Microsoft Visual Studio Solution File, Format Version 12.00
# Visual Studio 14
VisualStudioVersion = 14.0.25420.1
MinimumVisualStudioVersion = 10.0.40219.1
Project("{FAE04EC0-301F-11D3-BF4B-00C04F79EFBC}") = "DX11.Particles.Core", "nodes\DX11.Particles.Core\DX11.Particles.Core.csproj", "{B27C493C-B68F-4496-AFFA-C2AE9E37B109}"
EndProject
Project("{FAE04EC0-301F-11D3-BF4B-00C04F79EFBC}") = "DX11.Particles.Tools", "nodes\DX11.Particles.Tools\DX11.Particles.Tools.csproj", "{19B82E25-EA73-4986-B1D2-137431A11A70}"
EndProject
Project("{FAE04EC0-301F-11D3-BF4B-00C04F79EFBC}") = "DX11.Particles.IO", "nodes\DX11.Particles.IO\DX11.Particles.IO.csproj", "{35B07A92-458C-4624-9AA2-ECD6052507E4}"
EndProject
Project("{FAE04EC0-301F-11D3-BF4B-00C04F79EFBC}") = "DX11.Extensions", "nodes\DX11.Extensions\DX11.Extensions.csproj", "{C5CFF42E-405D-4918-9B40-5D656038B485}"
EndProject
Project("{FAE04EC0-301F-11D3-BF4B-00C04F79EFBC}") = "VVVV.Extensions", "nodes\VVVV.Extensions\VVVV.Extensions.csproj", "{CC08B015-3897-4F44-A94E-CB5EED744793}"
EndProject
Global
	GlobalSection(SolutionConfigurationPlatforms) = preSolution
		Debug|Any CPU = Debug|Any CPU
		Debug|x64 = Debug|x64
		Debug|x86 = Debug|x86
		Release|Any CPU = Release|Any CPU
		Release|x64 = Release|x64
		Release|x86 = Release|x86
	EndGlobalSection
	GlobalSection(ProjectConfigurationPlatforms) = postSolution
		{B27C493C-B68F-4496-AFFA-C2AE9E37B109}.Debug|Any CPU.ActiveCfg = Debug|x64
		{B27C493C-B68F-4496-AFFA-C2AE9E37B109}.Debug|Any CPU.Build.0 = Debug|x64
		{B27C493C-B68F-4496-AFFA-C2AE9E37B109}.Debug|x64.ActiveCfg = Debug|x64
		{B27C493C-B68F-4496-AFFA-C2AE9E37B109}.Debug|x64.Build.0 = Debug|x64
		{B27C493C-B68F-4496-AFFA-C2AE9E37B109}.Debug|x86.ActiveCfg = Debug|x86
		{B27C493C-B68F-4496-AFFA-C2AE9E37B109}.Debug|x86.Build.0 = Debug|x86
		{B27C493C-B68F-4496-AFFA-C2AE9E37B109}.Release|Any CPU.ActiveCfg = Release|Any CPU
		{B27C493C-B68F-4496-AFFA-C2AE9E37B109}.Release|Any CPU.Build.0 = Release|Any CPU
		{B27C493C-B68F-4496-AFFA-C2AE9E37B109}.Release|x64.ActiveCfg = Release|x64
		{B27C493C-B68F-4496-AFFA-C2AE9E37B109}.Release|x64.Build.0 = Release|x64
		{B27C493C-B68F-4496-AFFA-C2AE9E37B109}.Release|x86.ActiveCfg = Release|x86
		{B27C493C-B68F-4496-AFFA-C2AE9E37B109}.Release|x86.Build.0 = Release|x86
		{19B82E25-EA73-4986-B1D2-137431A11A70}.Debug|Any CPU.ActiveCfg = Debug|Any CPU
		{19B82E25-EA73-4986-B1D2-137431A11A70}.Debug|Any CPU.Build.0 = Debug|Any CPU
		{19B82E25-EA73-4986-B1D2-137431A11A70}.Debug|x64.ActiveCfg = Debug|x64
		{19B82E25-EA73-4986-B1D2-137431A11A70}.Debug|x64.Build.0 = Debug|x64
		{19B82E25-EA73-4986-B1D2-137431A11A70}.Debug|x86.ActiveCfg = Debug|x86
		{19B82E25-EA73-4986-B1D2-137431A11A70}.Debug|x86.Build.0 = Debug|x86
		{19B82E25-EA73-4986-B1D2-137431A11A70}.Release|Any CPU.ActiveCfg = Release|Any CPU
		{19B82E25-EA73-4986-B1D2-137431A11A70}.Release|Any CPU.Build.0 = Release|Any CPU
		{19B82E25-EA73-4986-B1D2-137431A11A70}.Release|x64.ActiveCfg = Release|x64
		{19B82E25-EA73-4986-B1D2-137431A11A70}.Release|x64.Build.0 = Release|x64
		{19B82E25-EA73-4986-B1D2-137431A11A70}.Release|x86.ActiveCfg = Release|x86
		{19B82E25-EA73-4986-B1D2-137431A11A70}.Release|x86.Build.0 = Release|x86
		{35B07A92-458C-4624-9AA2-ECD6052507E4}.Debug|Any CPU.ActiveCfg = Debug|Any CPU
		{35B07A92-458C-4624-9AA2-ECD6052507E4}.Debug|Any CPU.Build.0 = Debug|Any CPU
		{35B07A92-458C-4624-9AA2-ECD6052507E4}.Debug|x64.ActiveCfg = Debug|x64
		{35B07A92-458C-4624-9AA2-ECD6052507E4}.Debug|x64.Build.0 = Debug|x64
		{35B07A92-458C-4624-9AA2-ECD6052507E4}.Debug|x86.ActiveCfg = Debug|x86
		{35B07A92-458C-4624-9AA2-ECD6052507E4}.Debug|x86.Build.0 = Debug|x86
		{35B07A92-458C-4624-9AA2-ECD6052507E4}.Release|Any CPU.ActiveCfg = Release|Any CPU
		{35B07A92-458C-4624-9AA2-ECD6052507E4}.Release|Any CPU.Build.0 = Release|Any CPU
		{35B07A92-458C-4624-9AA2-ECD6052507E4}.Release|x64.ActiveCfg = Release|x64
		{35B07A92-458C-4624-9AA2-ECD6052507E4}.Release|x64.Build.0 = Release|x64
		{35B07A92-458C-4624-9AA2-ECD6052507E4}.Release|x86.ActiveCfg = Release|x86
		{35B07A92-458C-4624-9AA2-ECD6052507E4}.Release|x86.Build.0 = Release|x86
		{C5CFF42E-405D-4918-9B40-5D656038B485}.Debug|Any CPU.ActiveCfg = Debug|Any CPU
		{C5CFF42E-405D-4918-9B40-5D656038B485}.Debug|Any CPU.Build.0 = Debug|Any CPU
		{C5CFF42E-405D-4918-9B40-5D656038B485}.Debug|x64.ActiveCfg = Debug|x64
		{C5CFF42E-405D-4918-9B40-5D656038B485}.Debug|x64.Build.0 = Debug|x64
		{C5CFF42E-405D-4918-9B40-5D656038B485}.Debug|x86.ActiveCfg = Debug|x86
		{C5CFF42E-405D-4918-9B40-5D656038B485}.Debug|x86.Build.0 = Debug|x86
		{C5CFF42E-405D-4918-9B40-5D656038B485}.Release|Any CPU.ActiveCfg = Release|Any CPU
		{C5CFF42E-405D-4918-9B40-5D656038B485}.Release|Any CPU.Build.0 = Release|Any CPU
		{C5CFF42E-405D-4918-9B40-5D656038B485}.Release|x64.ActiveCfg = Release|x64
		{C5CFF42E-405D-4918-9B40-5D656038B485}.Release|x64.Build.0 = Release|x64
		{C5CFF42E-405D-4918-9B40-5D656038B485}.Release|x86.ActiveCfg = Release|x86
		{C5CFF42E-405D-4918-9B40-5D656038B485}.Release|x86.Build.0 = Release|x86
		{CC08B015-3897-4F44-A94E-CB5EED744793}.Debug|Any CPU.ActiveCfg = Debug|Any CPU
		{CC08B015-3897-4F44-A94E-CB5EED744793}.Debug|Any CPU.Build.0 = Debug|Any CPU
		{CC08B015-3897-4F44-A94E-CB5EED744793}.Debug|x64.ActiveCfg = Debug|x64
		{CC08B015-3897-4F44-A94E-CB5EED744793}.Debug|x64.Build.0 = Debug|x64
		{CC08B015-3897-4F44-A94E-CB5EED744793}.Debug|x86.ActiveCfg = Debug|x86
		{CC08B015-3897-4F44-A94E-CB5EED744793}.Debug|x86.Build.0 = Debug|x86
		{CC08B015-3897-4F44-A94E-CB5EED744793}.Release|Any CPU.ActiveCfg = Release|Any CPU
		{CC08B015-3897-4F44-A94E-CB5EED744793}.Release|Any CPU.Build.0 = Release|Any CPU
		{CC08B015-3897-4F44-A94E-CB5EED744793}.Release|x64.ActiveCfg = Release|x64
		{CC08B015-3897-4F44-A94E-CB5EED744793}.Release|x64.Build.0 = Release|x64
		{CC08B015-3897-4F44-A94E-CB5EED744793}.Release|x86.ActiveCfg = Release|x86
		{CC08B015-3897-4F44-A94E-CB5EED744793}.Release|x86.Build.0 = Release|x86
	EndGlobalSection
	GlobalSection(SolutionProperties) = preSolution
		HideSolutionNode = FALSE
	EndGlobalSection
EndGlobal
